id: modulos_l2_ParteEnteraJhonny
label: ParteEnteraJhonny
category: '[modulos_l2]'

templates:
  imports: import modulos_l2
  make: modulos_l2.ParteEnteraJhonny(${PARAM1}, ${PARAM2})


parameters:
- id: PARAM1
  label: Redondeo
  dtype: bool
  default: 'True'
  options: ['True', 'False']
  option_labels: ['Adelante', 'Atras']
- id: PARAM2
  label: Muestreo
  dtype: float


inputs:
- label: Entrada
  dtype: float


outputs:
- label: Salida
  dtype: float


#  'file_format' specifies the version of the GRC yml format used in the file
#  and should usually not be changed.
file_format: 1
